PODS:
  - coinlib_flutter (0.3.2):
    - Flutter
    - FlutterMacOS
  - flutter_libsparkmobile (0.0.1):
    - FlutterMacOS
  - FlutterMacOS (1.0.0)

DEPENDENCIES:
  - coinlib_flutter (from `Flutter/ephemeral/.symlinks/plugins/coinlib_flutter/darwin`)
  - flutter_libsparkmobile (from `Flutter/ephemeral/.symlinks/plugins/flutter_libsparkmobile/macos`)
  - FlutterMacOS (from `Flutter/ephemeral`)

EXTERNAL SOURCES:
  coinlib_flutter:
    :path: Flutter/ephemeral/.symlinks/plugins/coinlib_flutter/darwin
  flutter_libsparkmobile:
    :path: Flutter/ephemeral/.symlinks/plugins/flutter_libsparkmobile/macos
  FlutterMacOS:
    :path: Flutter/ephemeral

SPEC CHECKSUMS:
  coinlib_flutter: 6abec900d67762a6e7ccfd567a3cd3ae00bbee35
  flutter_libsparkmobile: 3c5da510d0fe230e58334c298a7fb29cc90235b2
  FlutterMacOS: 8f6f14fa908a6fb3fba0cd85dbd81ec4b251fb24

PODFILE CHECKSUM: 236401fc2c932af29a9fcf0e97baeeb2d750d367

COCOAPODS: 1.11.3
